// !$*UTF8*$!
{
	archiveVersion = 1;
	classes = {
	};
	objectVersion = 46;
	objects = {

/* Begin PBXBuildFile section */
		9CC946AE1739798400454FF3 /* UIKit.framework in Frameworks */ = {isa = PBXBuildFile; fileRef = 9CC946AD1739798400454FF3 /* UIKit.framework */; };
		9CC946B01739798400454FF3 /* Foundation.framework in Frameworks */ = {isa = PBXBuildFile; fileRef = 9CC946AF1739798400454FF3 /* Foundation.framework */; };
		9CC946B21739798400454FF3 /* CoreGraphics.framework in Frameworks */ = {isa = PBXBuildFile; fileRef = 9CC946B11739798400454FF3 /* CoreGraphics.framework */; };
		9CC946B81739798400454FF3 /* InfoPlist.strings in Resources */ = {isa = PBXBuildFile; fileRef = 9CC946B61739798400454FF3 /* InfoPlist.strings */; };
		9CC946BA1739798400454FF3 /* main.m in Sources */ = {isa = PBXBuildFile; fileRef = 9CC946B91739798400454FF3 /* main.m */; };
		9CC946BE1739798400454FF3 /* AppDelegate.m in Sources */ = {isa = PBXBuildFile; fileRef = 9CC946BD1739798400454FF3 /* AppDelegate.m */; };
		9CC946C01739798400454FF3 /* Default.png in Resources */ = {isa = PBXBuildFile; fileRef = 9CC946BF1739798400454FF3 /* Default.png */; };
		9CC946C21739798400454FF3 /* Default@2x.png in Resources */ = {isa = PBXBuildFile; fileRef = 9CC946C11739798400454FF3 /* Default@2x.png */; };
		9CC946C41739798400454FF3 /* Default-568h@2x.png in Resources */ = {isa = PBXBuildFile; fileRef = 9CC946C31739798400454FF3 /* Default-568h@2x.png */; };
		9CC946C71739798400454FF3 /* MainStoryboard.storyboard in Resources */ = {isa = PBXBuildFile; fileRef = 9CC946C51739798400454FF3 /* MainStoryboard.storyboard */; };
		9CC946CA1739798400454FF3 /* StationsViewController.m in Sources */ = {isa = PBXBuildFile; fileRef = 9CC946C91739798400454FF3 /* StationsViewController.m */; };
		9CC946CD1739798400454FF3 /* ReminderViewController.m in Sources */ = {isa = PBXBuildFile; fileRef = 9CC946CC1739798400454FF3 /* ReminderViewController.m */; };
		9CC946D51739798400454FF3 /* SenTestingKit.framework in Frameworks */ = {isa = PBXBuildFile; fileRef = 9CC946D41739798400454FF3 /* SenTestingKit.framework */; };
		9CC946D61739798400454FF3 /* UIKit.framework in Frameworks */ = {isa = PBXBuildFile; fileRef = 9CC946AD1739798400454FF3 /* UIKit.framework */; };
		9CC946D71739798400454FF3 /* Foundation.framework in Frameworks */ = {isa = PBXBuildFile; fileRef = 9CC946AF1739798400454FF3 /* Foundation.framework */; };
		9CC946DF1739798400454FF3 /* InfoPlist.strings in Resources */ = {isa = PBXBuildFile; fileRef = 9CC946DD1739798400454FF3 /* InfoPlist.strings */; };
		9CC946E21739798400454FF3 /* MindTheCheckOutTests.m in Sources */ = {isa = PBXBuildFile; fileRef = 9CC946E11739798400454FF3 /* MindTheCheckOutTests.m */; };
		9CC946EC173982ED00454FF3 /* CoreLocation.framework in Frameworks */ = {isa = PBXBuildFile; fileRef = 9CC946EB173982ED00454FF3 /* CoreLocation.framework */; };
		9CC946EE173982FB00454FF3 /* EventKit.framework in Frameworks */ = {isa = PBXBuildFile; fileRef = 9CC946ED173982FB00454FF3 /* EventKit.framework */; };
/* End PBXBuildFile section */

/* Begin PBXContainerItemProxy section */
		9CC946D81739798400454FF3 /* PBXContainerItemProxy */ = {
			isa = PBXContainerItemProxy;
			containerPortal = 9CC946A21739798400454FF3 /* Project object */;
			proxyType = 1;
			remoteGlobalIDString = 9CC946A91739798400454FF3;
			remoteInfo = MindTheCheckOut;
		};
/* End PBXContainerItemProxy section */

/* Begin PBXFileReference section */
		9CC946AA1739798400454FF3 /* MindTheCheckOut.app */ = {isa = PBXFileReference; explicitFileType = wrapper.application; includeInIndex = 0; path = MindTheCheckOut.app; sourceTree = BUILT_PRODUCTS_DIR; };
		9CC946AD1739798400454FF3 /* UIKit.framework */ = {isa = PBXFileReference; lastKnownFileType = wrapper.framework; name = UIKit.framework; path = System/Library/Frameworks/UIKit.framework; sourceTree = SDKROOT; };
		9CC946AF1739798400454FF3 /* Foundation.framework */ = {isa = PBXFileReference; lastKnownFileType = wrapper.framework; name = Foundation.framework; path = System/Library/Frameworks/Foundation.framework; sourceTree = SDKROOT; };
		9CC946B11739798400454FF3 /* CoreGraphics.framework */ = {isa = PBXFileReference; lastKnownFileType = wrapper.framework; name = CoreGraphics.framework; path = System/Library/Frameworks/CoreGraphics.framework; sourceTree = SDKROOT; };
		9CC946B51739798400454FF3 /* MindTheCheckOut-Info.plist */ = {isa = PBXFileReference; lastKnownFileType = text.plist.xml; path = "MindTheCheckOut-Info.plist"; sourceTree = "<group>"; };
		9CC946B71739798400454FF3 /* en */ = {isa = PBXFileReference; lastKnownFileType = text.plist.strings; name = en; path = en.lproj/InfoPlist.strings; sourceTree = "<group>"; };
		9CC946B91739798400454FF3 /* main.m */ = {isa = PBXFileReference; lastKnownFileType = sourcecode.c.objc; path = main.m; sourceTree = "<group>"; };
		9CC946BB1739798400454FF3 /* MindTheCheckOut-Prefix.pch */ = {isa = PBXFileReference; lastKnownFileType = sourcecode.c.h; path = "MindTheCheckOut-Prefix.pch"; sourceTree = "<group>"; };
		9CC946BC1739798400454FF3 /* AppDelegate.h */ = {isa = PBXFileReference; lastKnownFileType = sourcecode.c.h; path = AppDelegate.h; sourceTree = "<group>"; };
		9CC946BD1739798400454FF3 /* AppDelegate.m */ = {isa = PBXFileReference; lastKnownFileType = sourcecode.c.objc; path = AppDelegate.m; sourceTree = "<group>"; };
		9CC946BF1739798400454FF3 /* Default.png */ = {isa = PBXFileReference; lastKnownFileType = image.png; path = Default.png; sourceTree = "<group>"; };
		9CC946C11739798400454FF3 /* Default@2x.png */ = {isa = PBXFileReference; lastKnownFileType = image.png; path = "Default@2x.png"; sourceTree = "<group>"; };
		9CC946C31739798400454FF3 /* Default-568h@2x.png */ = {isa = PBXFileReference; lastKnownFileType = image.png; path = "Default-568h@2x.png"; sourceTree = "<group>"; };
		9CC946C61739798400454FF3 /* en */ = {isa = PBXFileReference; lastKnownFileType = file.storyboard; name = en; path = en.lproj/MainStoryboard.storyboard; sourceTree = "<group>"; };
		9CC946C81739798400454FF3 /* StationsViewController.h */ = {isa = PBXFileReference; lastKnownFileType = sourcecode.c.h; path = StationsViewController.h; sourceTree = "<group>"; };
		9CC946C91739798400454FF3 /* StationsViewController.m */ = {isa = PBXFileReference; lastKnownFileType = sourcecode.c.objc; path = StationsViewController.m; sourceTree = "<group>"; };
		9CC946CB1739798400454FF3 /* ReminderViewController.h */ = {isa = PBXFileReference; lastKnownFileType = sourcecode.c.h; path = ReminderViewController.h; sourceTree = "<group>"; };
		9CC946CC1739798400454FF3 /* ReminderViewController.m */ = {isa = PBXFileReference; lastKnownFileType = sourcecode.c.objc; path = ReminderViewController.m; sourceTree = "<group>"; };
		9CC946D31739798400454FF3 /* MindTheCheckOutTests.octest */ = {isa = PBXFileReference; explicitFileType = wrapper.cfbundle; includeInIndex = 0; path = MindTheCheckOutTests.octest; sourceTree = BUILT_PRODUCTS_DIR; };
		9CC946D41739798400454FF3 /* SenTestingKit.framework */ = {isa = PBXFileReference; lastKnownFileType = wrapper.framework; name = SenTestingKit.framework; path = Library/Frameworks/SenTestingKit.framework; sourceTree = DEVELOPER_DIR; };
		9CC946DC1739798400454FF3 /* MindTheCheckOutTests-Info.plist */ = {isa = PBXFileReference; lastKnownFileType = text.plist.xml; path = "MindTheCheckOutTests-Info.plist"; sourceTree = "<group>"; };
		9CC946DE1739798400454FF3 /* en */ = {isa = PBXFileReference; lastKnownFileType = text.plist.strings; name = en; path = en.lproj/InfoPlist.strings; sourceTree = "<group>"; };
		9CC946E01739798400454FF3 /* MindTheCheckOutTests.h */ = {isa = PBXFileReference; lastKnownFileType = sourcecode.c.h; path = MindTheCheckOutTests.h; sourceTree = "<group>"; };
		9CC946E11739798400454FF3 /* MindTheCheckOutTests.m */ = {isa = PBXFileReference; lastKnownFileType = sourcecode.c.objc; path = MindTheCheckOutTests.m; sourceTree = "<group>"; };
		9CC946EB173982ED00454FF3 /* CoreLocation.framework */ = {isa = PBXFileReference; lastKnownFileType = wrapper.framework; name = CoreLocation.framework; path = System/Library/Frameworks/CoreLocation.framework; sourceTree = SDKROOT; };
		9CC946ED173982FB00454FF3 /* EventKit.framework */ = {isa = PBXFileReference; lastKnownFileType = wrapper.framework; name = EventKit.framework; path = System/Library/Frameworks/EventKit.framework; sourceTree = SDKROOT; };
/* End PBXFileReference section */

/* Begin PBXFrameworksBuildPhase section */
		9CC946A71739798400454FF3 /* Frameworks */ = {
			isa = PBXFrameworksBuildPhase;
			buildActionMask = 2147483647;
			files = (
				9CC946EE173982FB00454FF3 /* EventKit.framework in Frameworks */,
				9CC946EC173982ED00454FF3 /* CoreLocation.framework in Frameworks */,
				9CC946AE1739798400454FF3 /* UIKit.framework in Frameworks */,
				9CC946B01739798400454FF3 /* Foundation.framework in Frameworks */,
				9CC946B21739798400454FF3 /* CoreGraphics.framework in Frameworks */,
			);
			runOnlyForDeploymentPostprocessing = 0;
		};
		9CC946CF1739798400454FF3 /* Frameworks */ = {
			isa = PBXFrameworksBuildPhase;
			buildActionMask = 2147483647;
			files = (
				9CC946D51739798400454FF3 /* SenTestingKit.framework in Frameworks */,
				9CC946D61739798400454FF3 /* UIKit.framework in Frameworks */,
				9CC946D71739798400454FF3 /* Foundation.framework in Frameworks */,
			);
			runOnlyForDeploymentPostprocessing = 0;
		};
/* End PBXFrameworksBuildPhase section */

/* Begin PBXGroup section */
		9CC946A11739798400454FF3 = {
			isa = PBXGroup;
			children = (
				9CC946B31739798400454FF3 /* MindTheCheckOut */,
				9CC946DA1739798400454FF3 /* MindTheCheckOutTests */,
				9CC946AC1739798400454FF3 /* Frameworks */,
				9CC946AB1739798400454FF3 /* Products */,
			);
			sourceTree = "<group>";
		};
		9CC946AB1739798400454FF3 /* Products */ = {
			isa = PBXGroup;
			children = (
				9CC946AA1739798400454FF3 /* MindTheCheckOut.app */,
				9CC946D31739798400454FF3 /* MindTheCheckOutTests.octest */,
			);
			name = Products;
			sourceTree = "<group>";
		};
		9CC946AC1739798400454FF3 /* Frameworks */ = {
			isa = PBXGroup;
			children = (
				9CC946ED173982FB00454FF3 /* EventKit.framework */,
				9CC946EB173982ED00454FF3 /* CoreLocation.framework */,
				9CC946AD1739798400454FF3 /* UIKit.framework */,
				9CC946AF1739798400454FF3 /* Foundation.framework */,
				9CC946B11739798400454FF3 /* CoreGraphics.framework */,
				9CC946D41739798400454FF3 /* SenTestingKit.framework */,
			);
			name = Frameworks;
			sourceTree = "<group>";
		};
		9CC946B31739798400454FF3 /* MindTheCheckOut */ = {
			isa = PBXGroup;
			children = (
				9CC946BC1739798400454FF3 /* AppDelegate.h */,
				9CC946BD1739798400454FF3 /* AppDelegate.m */,
				9CC946C51739798400454FF3 /* MainStoryboard.storyboard */,
				9CC946C81739798400454FF3 /* StationsViewController.h */,
				9CC946C91739798400454FF3 /* StationsViewController.m */,
				9CC946CB1739798400454FF3 /* ReminderViewController.h */,
				9CC946CC1739798400454FF3 /* ReminderViewController.m */,
				9CC946B41739798400454FF3 /* Supporting Files */,
			);
			path = MindTheCheckOut;
			sourceTree = "<group>";
		};
		9CC946B41739798400454FF3 /* Supporting Files */ = {
			isa = PBXGroup;
			children = (
				9CC946B51739798400454FF3 /* MindTheCheckOut-Info.plist */,
				9CC946B61739798400454FF3 /* InfoPlist.strings */,
				9CC946B91739798400454FF3 /* main.m */,
				9CC946BB1739798400454FF3 /* MindTheCheckOut-Prefix.pch */,
				9CC946BF1739798400454FF3 /* Default.png */,
				9CC946C11739798400454FF3 /* Default@2x.png */,
				9CC946C31739798400454FF3 /* Default-568h@2x.png */,
			);
			name = "Supporting Files";
			sourceTree = "<group>";
		};
		9CC946DA1739798400454FF3 /* MindTheCheckOutTests */ = {
			isa = PBXGroup;
			children = (
				9CC946E01739798400454FF3 /* MindTheCheckOutTests.h */,
				9CC946E11739798400454FF3 /* MindTheCheckOutTests.m */,
				9CC946DB1739798400454FF3 /* Supporting Files */,
			);
			path = MindTheCheckOutTests;
			sourceTree = "<group>";
		};
		9CC946DB1739798400454FF3 /* Supporting Files */ = {
			isa = PBXGroup;
			children = (
				9CC946DC1739798400454FF3 /* MindTheCheckOutTests-Info.plist */,
				9CC946DD1739798400454FF3 /* InfoPlist.strings */,
			);
			name = "Supporting Files";
			sourceTree = "<group>";
		};
/* End PBXGroup section */

/* Begin PBXNativeTarget section */
		9CC946A91739798400454FF3 /* MindTheCheckOut */ = {
			isa = PBXNativeTarget;
			buildConfigurationList = 9CC946E51739798400454FF3 /* Build configuration list for PBXNativeTarget "MindTheCheckOut" */;
			buildPhases = (
				9CC946A61739798400454FF3 /* Sources */,
				9CC946A71739798400454FF3 /* Frameworks */,
				9CC946A81739798400454FF3 /* Resources */,
			);
			buildRules = (
			);
			dependencies = (
			);
			name = MindTheCheckOut;
			productName = MindTheCheckOut;
			productReference = 9CC946AA1739798400454FF3 /* MindTheCheckOut.app */;
			productType = "com.apple.product-type.application";
		};
		9CC946D21739798400454FF3 /* MindTheCheckOutTests */ = {
			isa = PBXNativeTarget;
			buildConfigurationList = 9CC946E81739798400454FF3 /* Build configuration list for PBXNativeTarget "MindTheCheckOutTests" */;
			buildPhases = (
				9CC946CE1739798400454FF3 /* Sources */,
				9CC946CF1739798400454FF3 /* Frameworks */,
				9CC946D01739798400454FF3 /* Resources */,
				9CC946D11739798400454FF3 /* ShellScript */,
			);
			buildRules = (
			);
			dependencies = (
				9CC946D91739798400454FF3 /* PBXTargetDependency */,
			);
			name = MindTheCheckOutTests;
			productName = MindTheCheckOutTests;
			productReference = 9CC946D31739798400454FF3 /* MindTheCheckOutTests.octest */;
			productType = "com.apple.product-type.bundle";
		};
/* End PBXNativeTarget section */

/* Begin PBXProject section */
		9CC946A21739798400454FF3 /* Project object */ = {
			isa = PBXProject;
			attributes = {
				LastUpgradeCheck = 0460;
				ORGANIZATIONNAME = "Tom Kraina";
			};
			buildConfigurationList = 9CC946A51739798400454FF3 /* Build configuration list for PBXProject "MindTheCheckOut" */;
			compatibilityVersion = "Xcode 3.2";
			developmentRegion = English;
			hasScannedForEncodings = 0;
			knownRegions = (
				en,
			);
			mainGroup = 9CC946A11739798400454FF3;
			productRefGroup = 9CC946AB1739798400454FF3 /* Products */;
			projectDirPath = "";
			projectRoot = "";
			targets = (
				9CC946A91739798400454FF3 /* MindTheCheckOut */,
				9CC946D21739798400454FF3 /* MindTheCheckOutTests */,
			);
		};
/* End PBXProject section */

/* Begin PBXResourcesBuildPhase section */
		9CC946A81739798400454FF3 /* Resources */ = {
			isa = PBXResourcesBuildPhase;
			buildActionMask = 2147483647;
			files = (
				9CC946B81739798400454FF3 /* InfoPlist.strings in Resources */,
				9CC946C01739798400454FF3 /* Default.png in Resources */,
				9CC946C21739798400454FF3 /* Default@2x.png in Resources */,
				9CC946C41739798400454FF3 /* Default-568h@2x.png in Resources */,
				9CC946C71739798400454FF3 /* MainStoryboard.storyboard in Resources */,
			);
			runOnlyForDeploymentPostprocessing = 0;
		};
		9CC946D01739798400454FF3 /* Resources */ = {
			isa = PBXResourcesBuildPhase;
			buildActionMask = 2147483647;
			files = (
				9CC946DF1739798400454FF3 /* InfoPlist.strings in Resources */,
			);
			runOnlyForDeploymentPostprocessing = 0;
		};
/* End PBXResourcesBuildPhase section */

/* Begin PBXShellScriptBuildPhase section */
		9CC946D11739798400454FF3 /* ShellScript */ = {
			isa = PBXShellScriptBuildPhase;
			buildActionMask = 2147483647;
			files = (
			);
			inputPaths = (
			);
			outputPaths = (
			);
			runOnlyForDeploymentPostprocessing = 0;
			shellPath = /bin/sh;
			shellScript = "# Run the unit tests in this test bundle.\n\"${SYSTEM_DEVELOPER_DIR}/Tools/RunUnitTests\"\n";
		};
/* End PBXShellScriptBuildPhase section */

/* Begin PBXSourcesBuildPhase section */
		9CC946A61739798400454FF3 /* Sources */ = {
			isa = PBXSourcesBuildPhase;
			buildActionMask = 2147483647;
			files = (
				9CC946BA1739798400454FF3 /* main.m in Sources */,
				9CC946BE1739798400454FF3 /* AppDelegate.m in Sources */,
				9CC946CA1739798400454FF3 /* StationsViewController.m in Sources */,
				9CC946CD1739798400454FF3 /* ReminderViewController.m in Sources */,
			);
			runOnlyForDeploymentPostprocessing = 0;
		};
		9CC946CE1739798400454FF3 /* Sources */ = {
			isa = PBXSourcesBuildPhase;
			buildActionMask = 2147483647;
			files = (
				9CC946E21739798400454FF3 /* MindTheCheckOutTests.m in Sources */,
			);
			runOnlyForDeploymentPostprocessing = 0;
		};
/* End PBXSourcesBuildPhase section */

/* Begin PBXTargetDependency section */
		9CC946D91739798400454FF3 /* PBXTargetDependency */ = {
			isa = PBXTargetDependency;
			target = 9CC946A91739798400454FF3 /* MindTheCheckOut */;
			targetProxy = 9CC946D81739798400454FF3 /* PBXContainerItemProxy */;
		};
/* End PBXTargetDependency section */

/* Begin PBXVariantGroup section */
		9CC946B61739798400454FF3 /* InfoPlist.strings */ = {
			isa = PBXVariantGroup;
			children = (
				9CC946B71739798400454FF3 /* en */,
			);
			name = InfoPlist.strings;
			sourceTree = "<group>";
		};
		9CC946C51739798400454FF3 /* MainStoryboard.storyboard */ = {
			isa = PBXVariantGroup;
			children = (
				9CC946C61739798400454FF3 /* en */,
			);
			name = MainStoryboard.storyboard;
			sourceTree = "<group>";
		};
		9CC946DD1739798400454FF3 /* InfoPlist.strings */ = {
			isa = PBXVariantGroup;
			children = (
				9CC946DE1739798400454FF3 /* en */,
			);
			name = InfoPlist.strings;
			sourceTree = "<group>";
		};
/* End PBXVariantGroup section */

/* Begin XCBuildConfiguration section */
		9CC946E31739798400454FF3 /* Debug */ = {
			isa = XCBuildConfiguration;
			buildSettings = {
				ALWAYS_SEARCH_USER_PATHS = NO;
				CLANG_CXX_LANGUAGE_STANDARD = "gnu++0x";
				CLANG_CXX_LIBRARY = "libc++";
				CLANG_ENABLE_OBJC_ARC = YES;
				CLANG_WARN_CONSTANT_CONVERSION = YES;
				CLANG_WARN_EMPTY_BODY = YES;
				CLANG_WARN_ENUM_CONVERSION = YES;
				CLANG_WARN_INT_CONVERSION = YES;
				CLANG_WARN__DUPLICATE_METHOD_MATCH = YES;
				"CODE_SIGN_IDENTITY[sdk=iphoneos*]" = "iPhone Developer";
				COPY_PHASE_STRIP = NO;
				GCC_C_LANGUAGE_STANDARD = gnu99;
				GCC_DYNAMIC_NO_PIC = NO;
				GCC_OPTIMIZATION_LEVEL = 0;
				GCC_PREPROCESSOR_DEFINITIONS = (
					"DEBUG=1",
					"$(inherited)",
				);
				GCC_SYMBOLS_PRIVATE_EXTERN = NO;
				GCC_WARN_ABOUT_RETURN_TYPE = YES;
				GCC_WARN_UNINITIALIZED_AUTOS = YES;
				GCC_WARN_UNUSED_VARIABLE = YES;
				IPHONEOS_DEPLOYMENT_TARGET = 6.1;
				ONLY_ACTIVE_ARCH = YES;
				SDKROOT = iphoneos;
			};
			name = Debug;
		};
		9CC946E41739798400454FF3 /* Release */ = {
			isa = XCBuildConfiguration;
			buildSettings = {
				ALWAYS_SEARCH_USER_PATHS = NO;
				CLANG_CXX_LANGUAGE_STANDARD = "gnu++0x";
				CLANG_CXX_LIBRARY = "libc++";
				CLANG_ENABLE_OBJC_ARC = YES;
				CLANG_WARN_CONSTANT_CONVERSION = YES;
				CLANG_WARN_EMPTY_BODY = YES;
				CLANG_WARN_ENUM_CONVERSION = YES;
				CLANG_WARN_INT_CONVERSION = YES;
				CLANG_WARN__DUPLICATE_METHOD_MATCH = YES;
				"CODE_SIGN_IDENTITY[sdk=iphoneos*]" = "iPhone Developer";
				COPY_PHASE_STRIP = YES;
				GCC_C_LANGUAGE_STANDARD = gnu99;
				GCC_WARN_ABOUT_RETURN_TYPE = YES;
				GCC_WARN_UNINITIALIZED_AUTOS = YES;
				GCC_WARN_UNUSED_VARIABLE = YES;
				IPHONEOS_DEPLOYMENT_TARGET = 6.1;
				OTHER_CFLAGS = "-DNS_BLOCK_ASSERTIONS=1";
				SDKROOT = iphoneos;
				VALIDATE_PRODUCT = YES;
			};
			name = Release;
		};
		9CC946E61739798400454FF3 /* Debug */ = {
			isa = XCBuildConfiguration;
			buildSettings = {
				GCC_PRECOMPILE_PREFIX_HEADER = YES;
				GCC_PREFIX_HEADER = "MindTheCheckOut/MindTheCheckOut-Prefix.pch";
				INFOPLIST_FILE = "MindTheCheckOut/MindTheCheckOut-Info.plist";
				PRODUCT_NAME = "$(TARGET_NAME)";
				WRAPPER_EXTENSION = app;
			};
			name = Debug;
		};
		9CC946E71739798400454FF3 /* Release */ = {
			isa = XCBuildConfiguration;
			buildSettings = {
				GCC_PRECOMPILE_PREFIX_HEADER = YES;
				GCC_PREFIX_HEADER = "MindTheCheckOut/MindTheCheckOut-Prefix.pch";
				INFOPLIST_FILE = "MindTheCheckOut/MindTheCheckOut-Info.plist";
				PRODUCT_NAME = "$(TARGET_NAME)";
				WRAPPER_EXTENSION = app;
			};
			name = Release;
		};
		9CC946E91739798400454FF3 /* Debug */ = {
			isa = XCBuildConfiguration;
			buildSettings = {
				BUNDLE_LOADER = "$(BUILT_PRODUCTS_DIR)/MindTheCheckOut.app/MindTheCheckOut";
				FRAMEWORK_SEARCH_PATHS = (
					"\"$(SDKROOT)/Developer/Library/Frameworks\"",
					"\"$(DEVELOPER_LIBRARY_DIR)/Frameworks\"",
				);
				GCC_PRECOMPILE_PREFIX_HEADER = YES;
				GCC_PREFIX_HEADER = "MindTheCheckOut/MindTheCheckOut-Prefix.pch";
				INFOPLIST_FILE = "MindTheCheckOutTests/MindTheCheckOutTests-Info.plist";
				PRODUCT_NAME = "$(TARGET_NAME)";
				TEST_HOST = "$(BUNDLE_LOADER)";
				WRAPPER_EXTENSION = octest;
			};
			name = Debug;
		};
		9CC946EA1739798400454FF3 /* Release */ = {
			isa = XCBuildConfiguration;
			buildSettings = {
				BUNDLE_LOADER = "$(BUILT_PRODUCTS_DIR)/MindTheCheckOut.app/MindTheCheckOut";
				FRAMEWORK_SEARCH_PATHS = (
					"\"$(SDKROOT)/Developer/Library/Frameworks\"",
					"\"$(DEVELOPER_LIBRARY_DIR)/Frameworks\"",
				);
				GCC_PRECOMPILE_PREFIX_HEADER = YES;
				GCC_PREFIX_HEADER = "MindTheCheckOut/MindTheCheckOut-Prefix.pch";
				INFOPLIST_FILE = "MindTheCheckOutTests/MindTheCheckOutTests-Info.plist";
				PRODUCT_NAME = "$(TARGET_NAME)";
				TEST_HOST = "$(BUNDLE_LOADER)";
				WRAPPER_EXTENSION = octest;
			};
			name = Release;
		};
/* End XCBuildConfiguration section */

/* Begin XCConfigurationList section */
		9CC946A51739798400454FF3 /* Build configuration list for PBXProject "MindTheCheckOut" */ = {
			isa = XCConfigurationList;
			buildConfigurations = (
				9CC946E31739798400454FF3 /* Debug */,
				9CC946E41739798400454FF3 /* Release */,
			);
			defaultConfigurationIsVisible = 0;
			defaultConfigurationName = Release;
		};
		9CC946E51739798400454FF3 /* Build configuration list for PBXNativeTarget "MindTheCheckOut" */ = {
			isa = XCConfigurationList;
			buildConfigurations = (
				9CC946E61739798400454FF3 /* Debug */,
				9CC946E71739798400454FF3 /* Release */,
			);
			defaultConfigurationIsVisible = 0;
			defaultConfigurationName = Release;
		};
		9CC946E81739798400454FF3 /* Build configuration list for PBXNativeTarget "MindTheCheckOutTests" */ = {
			isa = XCConfigurationList;
			buildConfigurations = (
				9CC946E91739798400454FF3 /* Debug */,
				9CC946EA1739798400454FF3 /* Release */,
			);
			defaultConfigurationIsVisible = 0;
			defaultConfigurationName = Release;
		};
/* End XCConfigurationList section */
	};
	rootObject = 9CC946A21739798400454FF3 /* Project object */;
}
